PODS:
  - Boardy (1.14.1):
    - Boardy/Default (= 1.14.1)
  - Boardy/Attachable (1.14.1):
    - Boardy/Core
    - Boardy/DeepLink
  - Boardy/Core (1.14.1)
  - Boardy/DeepLink (1.14.1):
    - Boardy/Core
  - Boardy/Default (1.14.1):
    - Boardy/Attachable
    - Boardy/Core
  - DadFoundation (0.2.0):
    - Boardy

DEPENDENCIES:
  - DadFoundation (from `../`)

SPEC REPOS:
  trunk:
    - Boardy

EXTERNAL SOURCES:
  DadFoundation:
    :path: "../"

SPEC CHECKSUMS:
  Boardy: d23f977dfe2551015bad0f5aff260326929cd699
  DadFoundation: be6bd3b1b14e4955aae84b8b6508281d05b07cb2

PODFILE CHECKSUM: d92e4463cad594cb8a43114d32b01a801df87cbd

COCOAPODS: 1.10.1
